
Microsoft Visual Studio Solution File, Format Version 12.00
# Visual Studio Version 17
VisualStudioVersion = 17.5.33424.131
MinimumVisualStudioVersion = 10.0.40219.1
Project("{2150E333-8FDC-42A3-9474-1A3956D46DE8}") = "Solution Items", "Solution Items", "{E7B866F2-0755-434F-A720-777B655B09EE}"
	ProjectSection(SolutionItems) = preProject
		.editorconfig = .editorconfig
	EndProjectSection
EndProject
Project("{FAE04EC0-301F-11D3-BF4B-00C04F79EFBC}") = "BlazorWebStarter", "src\BlazorWebStarter\BlazorWebStarter.csproj", "{51DBDA68-B1B0-43F5-B646-240942EDC28E}"
EndProject
Global
	GlobalSection(SolutionConfigurationPlatforms) = preSolution
		Debug|Any CPU = Debug|Any CPU
		Release|Any CPU = Release|Any CPU
	EndGlobalSection
	GlobalSection(ProjectConfigurationPlatforms) = postSolution
		{328EC1EB-B437-4B26-BCD1-A18C475BC866}.Debug|Any CPU.ActiveCfg = Debug|Any CPU
		{328EC1EB-B437-4B26-BCD1-A18C475BC866}.Debug|Any CPU.Build.0 = Debug|Any CPU
		{328EC1EB-B437-4B26-BCD1-A18C475BC866}.Release|Any CPU.ActiveCfg = Release|Any CPU
		{328EC1EB-B437-4B26-BCD1-A18C475BC866}.Release|Any CPU.Build.0 = Release|Any CPU
		{51DBDA68-B1B0-43F5-B646-240942EDC28E}.Debug|Any CPU.ActiveCfg = Debug|Any CPU
		{51DBDA68-B1B0-43F5-B646-240942EDC28E}.Debug|Any CPU.Build.0 = Debug|Any CPU
		{51DBDA68-B1B0-43F5-B646-240942EDC28E}.Release|Any CPU.ActiveCfg = Release|Any CPU
		{51DBDA68-B1B0-43F5-B646-240942EDC28E}.Release|Any CPU.Build.0 = Release|Any CPU
	EndGlobalSection
	GlobalSection(SolutionProperties) = preSolution
		HideSolutionNode = FALSE
	EndGlobalSection
	GlobalSection(ExtensibilityGlobals) = postSolution
		SolutionGuid = {8B35E8F2-55A7-4ED4-B1DA-EDB7EC288138}
	EndGlobalSection
EndGlobal
